
Microsoft Visual Studio Solution File, Format Version 12.00
Project("{FAE04EC0-301F-11D3-BF4B-00C04F79EFBC}") = "MatchOrganizer", "MatchOrganizer\MatchOrganizer.csproj", "{FDA2D257-6F7C-44B4-85FC-0BFE876E332F}"
EndProject
Global
	GlobalSection(SolutionConfigurationPlatforms) = preSolution
		Debug|Any CPU = Debug|Any CPU
		Release|Any CPU = Release|Any CPU
	EndGlobalSection
	GlobalSection(ProjectConfigurationPlatforms) = postSolution
		{FDA2D257-6F7C-44B4-85FC-0BFE876E332F}.Debug|Any CPU.ActiveCfg = Debug|Any CPU
		{FDA2D257-6F7C-44B4-85FC-0BFE876E332F}.Debug|Any CPU.Build.0 = Debug|Any CPU
		{FDA2D257-6F7C-44B4-85FC-0BFE876E332F}.Release|Any CPU.ActiveCfg = Release|Any CPU
		{FDA2D257-6F7C-44B4-85FC-0BFE876E332F}.Release|Any CPU.Build.0 = Release|Any CPU
	EndGlobalSection
EndGlobal
